
Microsoft Visual Studio Solution File, Format Version 12.00
# Visual Studio Version 17
VisualStudioVersion = 17.7.34031.279
MinimumVisualStudioVersion = 10.0.40219.1
Project("{FAE04EC0-301F-11D3-BF4B-00C04F79EFBC}") = "ColorMixerApp", "ColorMixerApp.csproj", "{DEE5CCD0-FE61-4757-8B1E-40AAC9D505CA}"
EndProject
Global
	GlobalSection(SolutionConfigurationPlatforms) = preSolution
		Debug|Any CPU = Debug|Any CPU
		Release|Any CPU = Release|Any CPU
	EndGlobalSection
	GlobalSection(ProjectConfigurationPlatforms) = postSolution
		{DEE5CCD0-FE61-4757-8B1E-40AAC9D505CA}.Debug|Any CPU.ActiveCfg = Debug|Any CPU
		{DEE5CCD0-FE61-4757-8B1E-40AAC9D505CA}.Debug|Any CPU.Build.0 = Debug|Any CPU
		{DEE5CCD0-FE61-4757-8B1E-40AAC9D505CA}.Release|Any CPU.ActiveCfg = Release|Any CPU
		{DEE5CCD0-FE61-4757-8B1E-40AAC9D505CA}.Release|Any CPU.Build.0 = Release|Any CPU
	EndGlobalSection
	GlobalSection(SolutionProperties) = preSolution
		HideSolutionNode = FALSE
	EndGlobalSection
	GlobalSection(ExtensibilityGlobals) = postSolution
		SolutionGuid = {5AA60AB8-226B-4E93-B61F-53EE1B44DD82}
	EndGlobalSection
EndGlobal
